
Microsoft Visual Studio Solution File, Format Version 12.00
# Visual Studio Version 16
VisualStudioVersion = 16.0.29230.47
MinimumVisualStudioVersion = 10.0.40219.1
Project("{9A19103F-16F7-4668-BE54-9A1E7A4F7556}") = "RepeatAdndTestSharp8", "RepeatAdndTestSharp8\RepeatAdndTestSharp8.csproj", "{779E5FC3-78B9-4CD8-ABD4-288A34423949}"
EndProject
Project("{9A19103F-16F7-4668-BE54-9A1E7A4F7556}") = "BankApplication", "BankApplication\BankApplication.csproj", "{C6EBF5CC-621E-4CF7-A0B7-C12B039B9260}"
EndProject
Project("{9A19103F-16F7-4668-BE54-9A1E7A4F7556}") = "BankLibrary", "BankLibrary\BankLibrary.csproj", "{BA5D9F19-14A5-48A3-9378-6D99BE865887}"
EndProject
Project("{2150E333-8FDC-42A3-9474-1A3956D46DE8}") = "tests", "tests", "{89E5C5D4-B824-4024-B0E6-C58C0B3F68A0}"
EndProject
Project("{9A19103F-16F7-4668-BE54-9A1E7A4F7556}") = "MyCalcLibrery", "MyCalkLibrery\MyCalcLibrery.csproj", "{A28DD1D5-46C3-49C8-9BB0-C536BA20FC27}"
EndProject
Project("{FAE04EC0-301F-11D3-BF4B-00C04F79EFBC}") = "MyCalcTest", "MyCalcTest\MyCalcTest.csproj", "{1EE4ECEC-E190-440A-90BF-3597A0400DCA}"
EndProject
Project("{FAE04EC0-301F-11D3-BF4B-00C04F79EFBC}") = "PasswordChekerTest", "PasswordChekerTest\PasswordChekerTest.csproj", "{AE815844-DA0A-47BF-9DAC-F247807FF6A2}"
EndProject
Project("{9A19103F-16F7-4668-BE54-9A1E7A4F7556}") = "ShopingCartLibrary", "ShopingCartLibrary\ShopingCartLibrary.csproj", "{F284F5A4-B349-40BB-B9CD-3187CF834B36}"
EndProject
Project("{FAE04EC0-301F-11D3-BF4B-00C04F79EFBC}") = "ShopingCartTest", "ShopingCartTest\ShopingCartTest.csproj", "{2A94F413-A02F-4F49-B671-7C2E6787CC50}"
EndProject
Project("{9A19103F-16F7-4668-BE54-9A1E7A4F7556}") = "AssertSamples", "AssertSamples\AssertSamples.csproj", "{1E5C7D03-397C-4A89-8D86-4FD54EE2BFDF}"
EndProject
Project("{FAE04EC0-301F-11D3-BF4B-00C04F79EFBC}") = "AssertSamplesTest", "AssertSamplesTest\AssertSamplesTest.csproj", "{D2AE34A4-73BE-4C70-838E-5816D7F04820}"
EndProject
Project("{FAE04EC0-301F-11D3-BF4B-00C04F79EFBC}") = "TestContextSamples", "TestContextSamples\TestContextSamples.csproj", "{9D4A7937-762E-4802-B2B3-0BBAB74598D1}"
EndProject
Project("{9A19103F-16F7-4668-BE54-9A1E7A4F7556}") = "UserManagerLibrary", "UserManagerLibrary\UserManagerLibrary.csproj", "{2CB0C20B-A6D6-497C-A75F-65F1D107EA23}"
EndProject
Project("{FAE04EC0-301F-11D3-BF4B-00C04F79EFBC}") = "DataDrivenUserManagerTest", "DataDrivenUserManagerTest\DataDrivenUserManagerTest.csproj", "{5A19467E-1E9A-4C02-A377-FC6E21CB03F7}"
EndProject
Project("{9A19103F-16F7-4668-BE54-9A1E7A4F7556}") = "SimpleClassLibrary", "SimpleClassLibrary\SimpleClassLibrary.csproj", "{8660C806-E2B7-475E-A64D-D43EFA9F5FFB}"
EndProject
Project("{FAE04EC0-301F-11D3-BF4B-00C04F79EFBC}") = "SimpleClassLibraryTest", "SimpleClassLibraryTest\SimpleClassLibraryTest.csproj", "{2E14C28B-825C-48DD-B575-370E2564B4EB}"
EndProject
Project("{9A19103F-16F7-4668-BE54-9A1E7A4F7556}") = "HelloWorldApp", "HelloWorldApp\HelloWorldApp.csproj", "{F3DEDF48-54D6-419F-AC9E-E8642AFEF0EB}"
EndProject
Project("{FAE04EC0-301F-11D3-BF4B-00C04F79EFBC}") = "HelloWorldAppTest", "HelloWorldAppTest\HelloWorldAppTest.csproj", "{1B85D8E1-1A62-4CF7-A536-1A72C3BCB66F}"
EndProject
Project("{9A19103F-16F7-4668-BE54-9A1E7A4F7556}") = "DeploymentItemAttributeSample", "DeploymentItemAttributeSample\DeploymentItemAttributeSample.csproj", "{AC7EEC4E-FF99-4AB1-8EC1-16A1699E3D29}"
EndProject
Project("{FAE04EC0-301F-11D3-BF4B-00C04F79EFBC}") = "DeploymentItemAttributeSampleTest", "DeploymentItemAttributeSampleTest\DeploymentItemAttributeSampleTest.csproj", "{D79FA3D1-3B5E-414B-B6C4-D0E58E7D7A82}"
EndProject
Project("{2150E333-8FDC-42A3-9474-1A3956D46DE8}") = "InvertionOfControl", "InvertionOfControl", "{CCACCC9D-A90B-4E4D-98A7-35C320530EE4}"
EndProject
Project("{FAE04EC0-301F-11D3-BF4B-00C04F79EFBC}") = "001_Problem", "ConsoleApp1\001_Problem.csproj", "{6C0EBF7A-C373-4408-B8EE-16F95B6818D5}"
EndProject
Project("{FAE04EC0-301F-11D3-BF4B-00C04F79EFBC}") = "002_ConstructorInjection", "002_ConstructorInjection\002_ConstructorInjection.csproj", "{34C8EA8C-E06D-4710-8142-D74AA50EC85B}"
EndProject
Project("{FAE04EC0-301F-11D3-BF4B-00C04F79EFBC}") = "003_PropertyInjection", "003_PropertyInjection\003_PropertyInjection.csproj", "{BB98534F-C205-438E-BD8F-84B2B3B61F34}"
EndProject
Project("{FAE04EC0-301F-11D3-BF4B-00C04F79EFBC}") = "004_InterfaceInjection", "InterfaceInjection\004_InterfaceInjection.csproj", "{C2235C16-5484-40E8-BF0F-AE102DD7D417}"
EndProject
Project("{FAE04EC0-301F-11D3-BF4B-00C04F79EFBC}") = "005_LocalFactoryMethod", "005_LocalFactoryMethod\005_LocalFactoryMethod.csproj", "{CC12DA7D-1E64-47CF-9E27-74E140322024}"
EndProject
Project("{FAE04EC0-301F-11D3-BF4B-00C04F79EFBC}") = "006_ExtractAndOwerride", "ExtractAndOwerride\006_ExtractAndOwerride.csproj", "{B23DEA7B-456F-451A-BD56-20B79EFBC2D1}"
EndProject
Project("{FAE04EC0-301F-11D3-BF4B-00C04F79EFBC}") = "007_FactoryInjection", "007_FactoryInjection\007_FactoryInjection.csproj", "{4E4F1A49-E1B5-465A-ADCD-3BEA77A37C6C}"
EndProject
Project("{FAE04EC0-301F-11D3-BF4B-00C04F79EFBC}") = "LoggingLibrary", "LoggingLibrary\LoggingLibrary.csproj", "{336B89BE-3C6B-4B04-BD3D-5898BA3FA79A}"
EndProject
Project("{FAE04EC0-301F-11D3-BF4B-00C04F79EFBC}") = "LoggingLibraryTest", "LoggingLibraryTest\LoggingLibraryTest.csproj", "{C12CF650-A3AA-4EB3-A4B0-CB65B36D82D3}"
EndProject
Global
	GlobalSection(SolutionConfigurationPlatforms) = preSolution
		Debug|Any CPU = Debug|Any CPU
		Release|Any CPU = Release|Any CPU
	EndGlobalSection
	GlobalSection(ProjectConfigurationPlatforms) = postSolution
		{779E5FC3-78B9-4CD8-ABD4-288A34423949}.Debug|Any CPU.ActiveCfg = Debug|Any CPU
		{779E5FC3-78B9-4CD8-ABD4-288A34423949}.Debug|Any CPU.Build.0 = Debug|Any CPU
		{779E5FC3-78B9-4CD8-ABD4-288A34423949}.Release|Any CPU.ActiveCfg = Release|Any CPU
		{779E5FC3-78B9-4CD8-ABD4-288A34423949}.Release|Any CPU.Build.0 = Release|Any CPU
		{C6EBF5CC-621E-4CF7-A0B7-C12B039B9260}.Debug|Any CPU.ActiveCfg = Debug|Any CPU
		{C6EBF5CC-621E-4CF7-A0B7-C12B039B9260}.Debug|Any CPU.Build.0 = Debug|Any CPU
		{C6EBF5CC-621E-4CF7-A0B7-C12B039B9260}.Release|Any CPU.ActiveCfg = Release|Any CPU
		{C6EBF5CC-621E-4CF7-A0B7-C12B039B9260}.Release|Any CPU.Build.0 = Release|Any CPU
		{BA5D9F19-14A5-48A3-9378-6D99BE865887}.Debug|Any CPU.ActiveCfg = Debug|Any CPU
		{BA5D9F19-14A5-48A3-9378-6D99BE865887}.Debug|Any CPU.Build.0 = Debug|Any CPU
		{BA5D9F19-14A5-48A3-9378-6D99BE865887}.Release|Any CPU.ActiveCfg = Release|Any CPU
		{BA5D9F19-14A5-48A3-9378-6D99BE865887}.Release|Any CPU.Build.0 = Release|Any CPU
		{A28DD1D5-46C3-49C8-9BB0-C536BA20FC27}.Debug|Any CPU.ActiveCfg = Debug|Any CPU
		{A28DD1D5-46C3-49C8-9BB0-C536BA20FC27}.Debug|Any CPU.Build.0 = Debug|Any CPU
		{A28DD1D5-46C3-49C8-9BB0-C536BA20FC27}.Release|Any CPU.ActiveCfg = Release|Any CPU
		{A28DD1D5-46C3-49C8-9BB0-C536BA20FC27}.Release|Any CPU.Build.0 = Release|Any CPU
		{1EE4ECEC-E190-440A-90BF-3597A0400DCA}.Debug|Any CPU.ActiveCfg = Debug|Any CPU
		{1EE4ECEC-E190-440A-90BF-3597A0400DCA}.Debug|Any CPU.Build.0 = Debug|Any CPU
		{1EE4ECEC-E190-440A-90BF-3597A0400DCA}.Release|Any CPU.ActiveCfg = Release|Any CPU
		{1EE4ECEC-E190-440A-90BF-3597A0400DCA}.Release|Any CPU.Build.0 = Release|Any CPU
		{AE815844-DA0A-47BF-9DAC-F247807FF6A2}.Debug|Any CPU.ActiveCfg = Debug|Any CPU
		{AE815844-DA0A-47BF-9DAC-F247807FF6A2}.Debug|Any CPU.Build.0 = Debug|Any CPU
		{AE815844-DA0A-47BF-9DAC-F247807FF6A2}.Release|Any CPU.ActiveCfg = Release|Any CPU
		{AE815844-DA0A-47BF-9DAC-F247807FF6A2}.Release|Any CPU.Build.0 = Release|Any CPU
		{F284F5A4-B349-40BB-B9CD-3187CF834B36}.Debug|Any CPU.ActiveCfg = Debug|Any CPU
		{F284F5A4-B349-40BB-B9CD-3187CF834B36}.Debug|Any CPU.Build.0 = Debug|Any CPU
		{F284F5A4-B349-40BB-B9CD-3187CF834B36}.Release|Any CPU.ActiveCfg = Release|Any CPU
		{F284F5A4-B349-40BB-B9CD-3187CF834B36}.Release|Any CPU.Build.0 = Release|Any CPU
		{2A94F413-A02F-4F49-B671-7C2E6787CC50}.Debug|Any CPU.ActiveCfg = Debug|Any CPU
		{2A94F413-A02F-4F49-B671-7C2E6787CC50}.Debug|Any CPU.Build.0 = Debug|Any CPU
		{2A94F413-A02F-4F49-B671-7C2E6787CC50}.Release|Any CPU.ActiveCfg = Release|Any CPU
		{2A94F413-A02F-4F49-B671-7C2E6787CC50}.Release|Any CPU.Build.0 = Release|Any CPU
		{1E5C7D03-397C-4A89-8D86-4FD54EE2BFDF}.Debug|Any CPU.ActiveCfg = Debug|Any CPU
		{1E5C7D03-397C-4A89-8D86-4FD54EE2BFDF}.Debug|Any CPU.Build.0 = Debug|Any CPU
		{1E5C7D03-397C-4A89-8D86-4FD54EE2BFDF}.Release|Any CPU.ActiveCfg = Release|Any CPU
		{1E5C7D03-397C-4A89-8D86-4FD54EE2BFDF}.Release|Any CPU.Build.0 = Release|Any CPU
		{D2AE34A4-73BE-4C70-838E-5816D7F04820}.Debug|Any CPU.ActiveCfg = Debug|Any CPU
		{D2AE34A4-73BE-4C70-838E-5816D7F04820}.Debug|Any CPU.Build.0 = Debug|Any CPU
		{D2AE34A4-73BE-4C70-838E-5816D7F04820}.Release|Any CPU.ActiveCfg = Release|Any CPU
		{D2AE34A4-73BE-4C70-838E-5816D7F04820}.Release|Any CPU.Build.0 = Release|Any CPU
		{9D4A7937-762E-4802-B2B3-0BBAB74598D1}.Debug|Any CPU.ActiveCfg = Debug|Any CPU
		{9D4A7937-762E-4802-B2B3-0BBAB74598D1}.Debug|Any CPU.Build.0 = Debug|Any CPU
		{9D4A7937-762E-4802-B2B3-0BBAB74598D1}.Release|Any CPU.ActiveCfg = Release|Any CPU
		{9D4A7937-762E-4802-B2B3-0BBAB74598D1}.Release|Any CPU.Build.0 = Release|Any CPU
		{2CB0C20B-A6D6-497C-A75F-65F1D107EA23}.Debug|Any CPU.ActiveCfg = Debug|Any CPU
		{2CB0C20B-A6D6-497C-A75F-65F1D107EA23}.Debug|Any CPU.Build.0 = Debug|Any CPU
		{2CB0C20B-A6D6-497C-A75F-65F1D107EA23}.Release|Any CPU.ActiveCfg = Release|Any CPU
		{2CB0C20B-A6D6-497C-A75F-65F1D107EA23}.Release|Any CPU.Build.0 = Release|Any CPU
		{5A19467E-1E9A-4C02-A377-FC6E21CB03F7}.Debug|Any CPU.ActiveCfg = Debug|Any CPU
		{5A19467E-1E9A-4C02-A377-FC6E21CB03F7}.Debug|Any CPU.Build.0 = Debug|Any CPU
		{5A19467E-1E9A-4C02-A377-FC6E21CB03F7}.Release|Any CPU.ActiveCfg = Release|Any CPU
		{5A19467E-1E9A-4C02-A377-FC6E21CB03F7}.Release|Any CPU.Build.0 = Release|Any CPU
		{8660C806-E2B7-475E-A64D-D43EFA9F5FFB}.Debug|Any CPU.ActiveCfg = Debug|Any CPU
		{8660C806-E2B7-475E-A64D-D43EFA9F5FFB}.Debug|Any CPU.Build.0 = Debug|Any CPU
		{8660C806-E2B7-475E-A64D-D43EFA9F5FFB}.Release|Any CPU.ActiveCfg = Release|Any CPU
		{8660C806-E2B7-475E-A64D-D43EFA9F5FFB}.Release|Any CPU.Build.0 = Release|Any CPU
		{2E14C28B-825C-48DD-B575-370E2564B4EB}.Debug|Any CPU.ActiveCfg = Debug|Any CPU
		{2E14C28B-825C-48DD-B575-370E2564B4EB}.Debug|Any CPU.Build.0 = Debug|Any CPU
		{2E14C28B-825C-48DD-B575-370E2564B4EB}.Release|Any CPU.ActiveCfg = Release|Any CPU
		{2E14C28B-825C-48DD-B575-370E2564B4EB}.Release|Any CPU.Build.0 = Release|Any CPU
		{F3DEDF48-54D6-419F-AC9E-E8642AFEF0EB}.Debug|Any CPU.ActiveCfg = Debug|Any CPU
		{F3DEDF48-54D6-419F-AC9E-E8642AFEF0EB}.Debug|Any CPU.Build.0 = Debug|Any CPU
		{F3DEDF48-54D6-419F-AC9E-E8642AFEF0EB}.Release|Any CPU.ActiveCfg = Release|Any CPU
		{F3DEDF48-54D6-419F-AC9E-E8642AFEF0EB}.Release|Any CPU.Build.0 = Release|Any CPU
		{1B85D8E1-1A62-4CF7-A536-1A72C3BCB66F}.Debug|Any CPU.ActiveCfg = Debug|Any CPU
		{1B85D8E1-1A62-4CF7-A536-1A72C3BCB66F}.Debug|Any CPU.Build.0 = Debug|Any CPU
		{1B85D8E1-1A62-4CF7-A536-1A72C3BCB66F}.Release|Any CPU.ActiveCfg = Release|Any CPU
		{1B85D8E1-1A62-4CF7-A536-1A72C3BCB66F}.Release|Any CPU.Build.0 = Release|Any CPU
		{AC7EEC4E-FF99-4AB1-8EC1-16A1699E3D29}.Debug|Any CPU.ActiveCfg = Debug|Any CPU
		{AC7EEC4E-FF99-4AB1-8EC1-16A1699E3D29}.Debug|Any CPU.Build.0 = Debug|Any CPU
		{AC7EEC4E-FF99-4AB1-8EC1-16A1699E3D29}.Release|Any CPU.ActiveCfg = Release|Any CPU
		{AC7EEC4E-FF99-4AB1-8EC1-16A1699E3D29}.Release|Any CPU.Build.0 = Release|Any CPU
		{D79FA3D1-3B5E-414B-B6C4-D0E58E7D7A82}.Debug|Any CPU.ActiveCfg = Debug|Any CPU
		{D79FA3D1-3B5E-414B-B6C4-D0E58E7D7A82}.Debug|Any CPU.Build.0 = Debug|Any CPU
		{D79FA3D1-3B5E-414B-B6C4-D0E58E7D7A82}.Release|Any CPU.ActiveCfg = Release|Any CPU
		{D79FA3D1-3B5E-414B-B6C4-D0E58E7D7A82}.Release|Any CPU.Build.0 = Release|Any CPU
		{6C0EBF7A-C373-4408-B8EE-16F95B6818D5}.Debug|Any CPU.ActiveCfg = Debug|Any CPU
		{6C0EBF7A-C373-4408-B8EE-16F95B6818D5}.Debug|Any CPU.Build.0 = Debug|Any CPU
		{6C0EBF7A-C373-4408-B8EE-16F95B6818D5}.Release|Any CPU.ActiveCfg = Release|Any CPU
		{6C0EBF7A-C373-4408-B8EE-16F95B6818D5}.Release|Any CPU.Build.0 = Release|Any CPU
		{34C8EA8C-E06D-4710-8142-D74AA50EC85B}.Debug|Any CPU.ActiveCfg = Debug|Any CPU
		{34C8EA8C-E06D-4710-8142-D74AA50EC85B}.Debug|Any CPU.Build.0 = Debug|Any CPU
		{34C8EA8C-E06D-4710-8142-D74AA50EC85B}.Release|Any CPU.ActiveCfg = Release|Any CPU
		{34C8EA8C-E06D-4710-8142-D74AA50EC85B}.Release|Any CPU.Build.0 = Release|Any CPU
		{BB98534F-C205-438E-BD8F-84B2B3B61F34}.Debug|Any CPU.ActiveCfg = Debug|Any CPU
		{BB98534F-C205-438E-BD8F-84B2B3B61F34}.Debug|Any CPU.Build.0 = Debug|Any CPU
		{BB98534F-C205-438E-BD8F-84B2B3B61F34}.Release|Any CPU.ActiveCfg = Release|Any CPU
		{BB98534F-C205-438E-BD8F-84B2B3B61F34}.Release|Any CPU.Build.0 = Release|Any CPU
		{C2235C16-5484-40E8-BF0F-AE102DD7D417}.Debug|Any CPU.ActiveCfg = Debug|Any CPU
		{C2235C16-5484-40E8-BF0F-AE102DD7D417}.Debug|Any CPU.Build.0 = Debug|Any CPU
		{C2235C16-5484-40E8-BF0F-AE102DD7D417}.Release|Any CPU.ActiveCfg = Release|Any CPU
		{C2235C16-5484-40E8-BF0F-AE102DD7D417}.Release|Any CPU.Build.0 = Release|Any CPU
		{CC12DA7D-1E64-47CF-9E27-74E140322024}.Debug|Any CPU.ActiveCfg = Debug|Any CPU
		{CC12DA7D-1E64-47CF-9E27-74E140322024}.Debug|Any CPU.Build.0 = Debug|Any CPU
		{CC12DA7D-1E64-47CF-9E27-74E140322024}.Release|Any CPU.ActiveCfg = Release|Any CPU
		{CC12DA7D-1E64-47CF-9E27-74E140322024}.Release|Any CPU.Build.0 = Release|Any CPU
		{B23DEA7B-456F-451A-BD56-20B79EFBC2D1}.Debug|Any CPU.ActiveCfg = Debug|Any CPU
		{B23DEA7B-456F-451A-BD56-20B79EFBC2D1}.Debug|Any CPU.Build.0 = Debug|Any CPU
		{B23DEA7B-456F-451A-BD56-20B79EFBC2D1}.Release|Any CPU.ActiveCfg = Release|Any CPU
		{B23DEA7B-456F-451A-BD56-20B79EFBC2D1}.Release|Any CPU.Build.0 = Release|Any CPU
		{4E4F1A49-E1B5-465A-ADCD-3BEA77A37C6C}.Debug|Any CPU.ActiveCfg = Debug|Any CPU
		{4E4F1A49-E1B5-465A-ADCD-3BEA77A37C6C}.Debug|Any CPU.Build.0 = Debug|Any CPU
		{4E4F1A49-E1B5-465A-ADCD-3BEA77A37C6C}.Release|Any CPU.ActiveCfg = Release|Any CPU
		{4E4F1A49-E1B5-465A-ADCD-3BEA77A37C6C}.Release|Any CPU.Build.0 = Release|Any CPU
		{336B89BE-3C6B-4B04-BD3D-5898BA3FA79A}.Debug|Any CPU.ActiveCfg = Debug|Any CPU
		{336B89BE-3C6B-4B04-BD3D-5898BA3FA79A}.Debug|Any CPU.Build.0 = Debug|Any CPU
		{336B89BE-3C6B-4B04-BD3D-5898BA3FA79A}.Release|Any CPU.ActiveCfg = Release|Any CPU
		{336B89BE-3C6B-4B04-BD3D-5898BA3FA79A}.Release|Any CPU.Build.0 = Release|Any CPU
		{C12CF650-A3AA-4EB3-A4B0-CB65B36D82D3}.Debug|Any CPU.ActiveCfg = Debug|Any CPU
		{C12CF650-A3AA-4EB3-A4B0-CB65B36D82D3}.Debug|Any CPU.Build.0 = Debug|Any CPU
		{C12CF650-A3AA-4EB3-A4B0-CB65B36D82D3}.Release|Any CPU.ActiveCfg = Release|Any CPU
		{C12CF650-A3AA-4EB3-A4B0-CB65B36D82D3}.Release|Any CPU.Build.0 = Release|Any CPU
	EndGlobalSection
	GlobalSection(SolutionProperties) = preSolution
		HideSolutionNode = FALSE
	EndGlobalSection
	GlobalSection(NestedProjects) = preSolution
		{1EE4ECEC-E190-440A-90BF-3597A0400DCA} = {89E5C5D4-B824-4024-B0E6-C58C0B3F68A0}
		{AE815844-DA0A-47BF-9DAC-F247807FF6A2} = {89E5C5D4-B824-4024-B0E6-C58C0B3F68A0}
		{2A94F413-A02F-4F49-B671-7C2E6787CC50} = {89E5C5D4-B824-4024-B0E6-C58C0B3F68A0}
		{D2AE34A4-73BE-4C70-838E-5816D7F04820} = {89E5C5D4-B824-4024-B0E6-C58C0B3F68A0}
		{9D4A7937-762E-4802-B2B3-0BBAB74598D1} = {89E5C5D4-B824-4024-B0E6-C58C0B3F68A0}
		{5A19467E-1E9A-4C02-A377-FC6E21CB03F7} = {89E5C5D4-B824-4024-B0E6-C58C0B3F68A0}
		{2E14C28B-825C-48DD-B575-370E2564B4EB} = {89E5C5D4-B824-4024-B0E6-C58C0B3F68A0}
		{1B85D8E1-1A62-4CF7-A536-1A72C3BCB66F} = {89E5C5D4-B824-4024-B0E6-C58C0B3F68A0}
		{D79FA3D1-3B5E-414B-B6C4-D0E58E7D7A82} = {89E5C5D4-B824-4024-B0E6-C58C0B3F68A0}
		{6C0EBF7A-C373-4408-B8EE-16F95B6818D5} = {CCACCC9D-A90B-4E4D-98A7-35C320530EE4}
		{34C8EA8C-E06D-4710-8142-D74AA50EC85B} = {CCACCC9D-A90B-4E4D-98A7-35C320530EE4}
		{BB98534F-C205-438E-BD8F-84B2B3B61F34} = {CCACCC9D-A90B-4E4D-98A7-35C320530EE4}
		{C2235C16-5484-40E8-BF0F-AE102DD7D417} = {CCACCC9D-A90B-4E4D-98A7-35C320530EE4}
		{CC12DA7D-1E64-47CF-9E27-74E140322024} = {CCACCC9D-A90B-4E4D-98A7-35C320530EE4}
		{B23DEA7B-456F-451A-BD56-20B79EFBC2D1} = {CCACCC9D-A90B-4E4D-98A7-35C320530EE4}
		{4E4F1A49-E1B5-465A-ADCD-3BEA77A37C6C} = {CCACCC9D-A90B-4E4D-98A7-35C320530EE4}
		{C12CF650-A3AA-4EB3-A4B0-CB65B36D82D3} = {89E5C5D4-B824-4024-B0E6-C58C0B3F68A0}
	EndGlobalSection
	GlobalSection(ExtensibilityGlobals) = postSolution
		SolutionGuid = {7E0926E5-62AC-4D4A-8BD9-46EB1BED8A19}
	EndGlobalSection
EndGlobal
